
Microsoft Visual Studio Solution File, Format Version 12.00
# Visual Studio Version 17
VisualStudioVersion = 17.13.35828.75 d17.13
MinimumVisualStudioVersion = 10.0.40219.1
Project("{FAE04EC0-301F-11D3-BF4B-00C04F79EFBC}") = "assistant-api", "assistant-api\assistant-api.csproj", "{B09D856A-F36A-40C0-B4DE-190E6BDEF39A}"
EndProject
Project("{54A90642-561A-4BB1-A94E-469ADEE60C69}") = "assistant-web", "assistant-web\assistant-web.esproj", "{F2E0DF8D-1CCC-E985-7F90-6242DED28CB9}"
EndProject
Global
	GlobalSection(SolutionConfigurationPlatforms) = preSolution
		Debug|Any CPU = Debug|Any CPU
		Release|Any CPU = Release|Any CPU
	EndGlobalSection
	GlobalSection(ProjectConfigurationPlatforms) = postSolution
		{B09D856A-F36A-40C0-B4DE-190E6BDEF39A}.Debug|Any CPU.ActiveCfg = Debug|Any CPU
		{B09D856A-F36A-40C0-B4DE-190E6BDEF39A}.Debug|Any CPU.Build.0 = Debug|Any CPU
		{B09D856A-F36A-40C0-B4DE-190E6BDEF39A}.Release|Any CPU.ActiveCfg = Release|Any CPU
		{B09D856A-F36A-40C0-B4DE-190E6BDEF39A}.Release|Any CPU.Build.0 = Release|Any CPU
		{F2E0DF8D-1CCC-E985-7F90-6242DED28CB9}.Debug|Any CPU.ActiveCfg = Debug|Any CPU
		{F2E0DF8D-1CCC-E985-7F90-6242DED28CB9}.Debug|Any CPU.Build.0 = Debug|Any CPU
		{F2E0DF8D-1CCC-E985-7F90-6242DED28CB9}.Debug|Any CPU.Deploy.0 = Debug|Any CPU
		{F2E0DF8D-1CCC-E985-7F90-6242DED28CB9}.Release|Any CPU.ActiveCfg = Release|Any CPU
		{F2E0DF8D-1CCC-E985-7F90-6242DED28CB9}.Release|Any CPU.Build.0 = Release|Any CPU
		{F2E0DF8D-1CCC-E985-7F90-6242DED28CB9}.Release|Any CPU.Deploy.0 = Release|Any CPU
	EndGlobalSection
	GlobalSection(SolutionProperties) = preSolution
		HideSolutionNode = FALSE
	EndGlobalSection
	GlobalSection(ExtensibilityGlobals) = postSolution
		SolutionGuid = {ABC66C55-2521-4312-817E-CB9555702897}
	EndGlobalSection
EndGlobal
